# This file is automatically @generated by Cargo.
# It is not intended for manual editing.
version = 4

[[package]]
name = "aead"
version = "0.6.0-rc.0"
source = "git+https://github.com/baloo/traits.git?branch=baloo%2Fdigest-newtype-master#f5c1ca57907ec229af98c96896709a259b73f71e"
dependencies = [
 "crypto-common",
 "inout",
]

[[package]]
name = "aes"
version = "0.9.0-pre.3"
source = "registry+https://github.com/rust-lang/crates.io-index"
checksum = "38e4da00d9978020ddaa556c1747cfcafc3f375cfadb109acfe8b752cfc373bf"
dependencies = [
 "cfg-if",
 "cipher",
 "cpufeatures",
 "zeroize",
]

[[package]]
name = "ascii"
version = "1.1.0"
source = "registry+https://github.com/rust-lang/crates.io-index"
checksum = "d92bec98840b8f03a5ff5413de5293bfcd8bf96467cf5452609f939ec6f5de16"

[[package]]
name = "autocfg"
version = "1.3.0"
source = "registry+https://github.com/rust-lang/crates.io-index"
checksum = "0c4b4d0bd25bd0b74681c0ad21497610ce1b7c91b1022cd21c80c6fbdd9476b0"

[[package]]
name = "base16ct"
version = "0.2.0"
source = "registry+https://github.com/rust-lang/crates.io-index"
checksum = "4c7f02d4ea65f2c1853089ffd8d2787bdbc63de2f0d29dedbcf8ccdfa0ccd4cf"

[[package]]
name = "base64ct"
version = "1.6.0"
source = "registry+https://github.com/rust-lang/crates.io-index"
checksum = "8c3c1a368f70d6cf7302d78f8f7093da241fb8e8807c05cc9e51a125895a6d5b"

[[package]]
name = "bitflags"
version = "2.6.0"
source = "registry+https://github.com/rust-lang/crates.io-index"
checksum = "b048fb63fd8b5923fc5aa7b340d8e156aec7ec02f0c78fa8a6ddc2613f6f71de"

[[package]]
name = "block-buffer"
version = "0.11.0-rc.4"
source = "registry+https://github.com/rust-lang/crates.io-index"
checksum = "a229bfd78e4827c91b9b95784f69492c1b77c1ab75a45a8a037b139215086f94"
dependencies = [
 "hybrid-array",
]

[[package]]
name = "block-padding"
version = "0.4.0-rc.3"
source = "registry+https://github.com/rust-lang/crates.io-index"
checksum = "ee88d14c41bbae2e333f574a27fc73d96fe1039e5a356c20d06a7f2a34cd8e5a"
dependencies = [
 "hybrid-array",
]

[[package]]
name = "byteorder"
version = "1.5.0"
source = "registry+https://github.com/rust-lang/crates.io-index"
checksum = "1fd0f2584146f6f2ef48085050886acf353beff7305ebd1ae69500e27c67f64b"

[[package]]
name = "cbc"
version = "0.2.0-pre.2"
source = "git+https://github.com/RustCrypto/block-modes.git#3ec1c8191dea30def40c033513bbc8bdb3a9cd78"
dependencies = [
 "cipher",
]

[[package]]
name = "cc"
version = "1.0.101"
source = "registry+https://github.com/rust-lang/crates.io-index"
checksum = "ac367972e516d45567c7eafc73d24e1c193dcf200a8d94e9db7b3d38b349572d"

[[package]]
name = "ccm"
version = "0.5.0"
source = "git+https://github.com/RustCrypto/AEADs.git#976052da8e274544f0cd6b292f38a0d0a2934849"
dependencies = [
 "aead",
 "cipher",
 "ctr",
 "subtle",
]

[[package]]
name = "cfg-if"
version = "1.0.0"
source = "registry+https://github.com/rust-lang/crates.io-index"
checksum = "baf1de4339761588bc0619e3cbc0120ee582ebb74b53b4efbf79117bd2da40fd"

[[package]]
name = "chunked_transfer"
version = "1.5.0"
source = "registry+https://github.com/rust-lang/crates.io-index"
checksum = "6e4de3bc4ea267985becf712dc6d9eed8b04c953b3fcfb339ebc87acd9804901"

[[package]]
name = "cipher"
version = "0.5.0-pre.8"
source = "registry+https://github.com/rust-lang/crates.io-index"
checksum = "276974d2acb7cf592603150941fc1ff6442acdeb1dc653ac2825928f4703c131"
dependencies = [
 "crypto-common",
 "inout",
]

[[package]]
name = "cmac"
version = "0.8.0-pre.3"
source = "git+https://github.com/baloo/MACs.git?branch=baloo%2Fdigest-pin#dc3909c01db08a3c865eaaee16dbcfb783804ede"
dependencies = [
 "cipher",
 "dbl",
 "digest",
]

[[package]]
name = "const-oid"
version = "0.10.1"
source = "registry+https://github.com/rust-lang/crates.io-index"
checksum = "0dabb6555f92fb9ee4140454eb5dcd14c7960e1225c6d1a6cc361f032947713e"

[[package]]
name = "cpufeatures"
version = "0.2.17"
source = "registry+https://github.com/rust-lang/crates.io-index"
checksum = "59ed5838eebb26a2bb2e58f6d5b5316989ae9d08bab10e0e6d103e656d1b0280"
dependencies = [
 "libc",
]

[[package]]
name = "crypto-bigint"
version = "0.7.0-pre.3"
source = "registry+https://github.com/rust-lang/crates.io-index"
checksum = "f727d84cf16cb51297e4388421e2e51b2f94ffe92ee1d8664d81676901196fa3"
dependencies = [
 "hybrid-array",
 "num-traits",
 "rand_core 0.9.3",
 "serdect",
 "subtle",
 "zeroize",
]

[[package]]
name = "crypto-common"
version = "0.2.0-rc.2"
source = "git+https://github.com/baloo/traits.git?branch=baloo%2Fdigest-newtype-master#f5c1ca57907ec229af98c96896709a259b73f71e"
dependencies = [
 "hybrid-array",
 "rand_core 0.9.3",
]

[[package]]
name = "crypto-primes"
version = "0.7.0-dev"
source = "git+https://github.com/entropyxyz/crypto-primes.git#04f927401b9eed948d4d26d149064cc292fea72e"
dependencies = [
 "crypto-bigint",
 "libm",
 "rand_core 0.9.3",
]

[[package]]
name = "ctr"
version = "0.10.0-pre.2"
source = "git+https://github.com/RustCrypto/block-modes.git#3ec1c8191dea30def40c033513bbc8bdb3a9cd78"
dependencies = [
 "cipher",
]

[[package]]
name = "curve25519-dalek"
version = "4.1.3"
source = "git+https://github.com/baloo/curve25519-dalek.git?branch=baloo%2Frand-0.9#d71aab32aaa9f03800c5ea611980be2fb1a203e1"
dependencies = [
 "cfg-if",
 "cpufeatures",
 "curve25519-dalek-derive",
 "digest",
 "fiat-crypto",
 "rustc_version",
 "subtle",
 "zeroize",
]

[[package]]
name = "curve25519-dalek-derive"
version = "0.1.1"
source = "git+https://github.com/baloo/curve25519-dalek.git?branch=baloo%2Frand-0.9#d71aab32aaa9f03800c5ea611980be2fb1a203e1"
dependencies = [
 "proc-macro2",
 "quote",
 "syn",
]

[[package]]
name = "dbl"
version = "0.4.0-rc.2"
source = "registry+https://github.com/rust-lang/crates.io-index"
checksum = "cb24c766034b76390c67f3d9c44e63019febeb4cc39e4ba40b5fc79e20c898e1"
dependencies = [
 "hybrid-array",
]

[[package]]
name = "der"
version = "0.8.0-rc.2"
source = "git+https://github.com/RustCrypto/formats.git#c0bdeb0a52071a2692335f0c7ae5ab4955a2ddfb"
dependencies = [
 "const-oid",
 "der_derive",
 "flagset",
 "pem-rfc7468",
 "zeroize",
]

[[package]]
name = "der_derive"
version = "0.8.0-rc.2"
source = "git+https://github.com/RustCrypto/formats.git#c0bdeb0a52071a2692335f0c7ae5ab4955a2ddfb"
dependencies = [
 "proc-macro2",
 "quote",
 "syn",
]

[[package]]
name = "deranged"
version = "0.3.11"
source = "registry+https://github.com/rust-lang/crates.io-index"
checksum = "b42b6fa04a440b495c8b04d0e71b707c585f83cb9cb28cf8cd0d976c315e31b4"
dependencies = [
 "powerfmt",
 "serde",
]

[[package]]
name = "des"
version = "0.9.0-pre.3"
source = "registry+https://github.com/rust-lang/crates.io-index"
checksum = "fee752f2df22a55f0f703c8eabfeb36990559e1b836263e35580a4186e1cca0a"
dependencies = [
 "cipher",
]

[[package]]
name = "digest"
version = "0.11.0-pre.10"
source = "git+https://github.com/baloo/traits.git?branch=baloo%2Fdigest-newtype-master#f5c1ca57907ec229af98c96896709a259b73f71e"
dependencies = [
 "block-buffer",
 "const-oid",
 "crypto-common",
 "subtle",
]

[[package]]
name = "ecdsa"
version = "0.17.0-pre.9"
source = "git+https://github.com/RustCrypto/signatures.git#b66adc00be5c4cf594331c091da8ea71e5f5f32d"
dependencies = [
 "der",
 "digest",
 "elliptic-curve",
 "rfc6979",
 "signature 3.0.0-pre",
 "spki",
 "zeroize",
]

[[package]]
name = "ed25519"
version = "2.3.0-pre.0"
source = "git+https://github.com/RustCrypto/signatures.git#b66adc00be5c4cf594331c091da8ea71e5f5f32d"
dependencies = [
 "pkcs8",
 "signature 3.0.0-pre",
]

[[package]]
name = "ed25519-dalek"
version = "2.2.0-pre"
source = "git+https://github.com/baloo/curve25519-dalek.git?branch=baloo%2Frand-0.9#d71aab32aaa9f03800c5ea611980be2fb1a203e1"
dependencies = [
 "curve25519-dalek",
 "ed25519",
 "rand_core 0.9.3",
 "serde",
 "sha2",
 "signature 3.0.0-pre",
 "subtle",
 "zeroize",
]

[[package]]
name = "elliptic-curve"
version = "0.14.0-rc.1"
source = "git+https://github.com/baloo/traits.git?branch=baloo%2Fdigest-newtype-master#f5c1ca57907ec229af98c96896709a259b73f71e"
dependencies = [
 "base16ct",
 "crypto-bigint",
 "digest",
 "ff",
 "group",
 "hybrid-array",
 "pem-rfc7468",
 "pkcs8",
 "rand_core 0.9.3",
 "sec1",
 "subtle",
 "zeroize",
]

[[package]]
name = "ff"
version = "0.14.0-pre.0"
source = "registry+https://github.com/rust-lang/crates.io-index"
checksum = "d42dd26f5790eda47c1a2158ea4120e32c35ddc9a7743c98a292accc01b54ef3"
dependencies = [
 "rand_core 0.9.3",
 "subtle",
]

[[package]]
name = "fiat-crypto"
version = "0.2.9"
source = "registry+https://github.com/rust-lang/crates.io-index"
checksum = "28dea519a9695b9977216879a3ebfddf92f1c08c05d984f8996aecd6ecdc811d"

[[package]]
name = "flagset"
version = "0.4.7"
source = "registry+https://github.com/rust-lang/crates.io-index"
checksum = "b7ac824320a75a52197e8f2d787f6a38b6718bb6897a35142d749af3c0e8f4fe"

[[package]]
name = "getrandom"
version = "0.2.16"
source = "registry+https://github.com/rust-lang/crates.io-index"
checksum = "335ff9f135e4384c8150d6f27c6daed433577f86b4750418338c01a1a2528592"
dependencies = [
 "cfg-if",
 "libc",
 "wasi 0.11.0+wasi-snapshot-preview1",
]

[[package]]
name = "getrandom"
version = "0.3.1"
source = "registry+https://github.com/rust-lang/crates.io-index"
checksum = "43a49c392881ce6d5c3b8cb70f98717b7c07aabbdff06687b9030dbfbe2725f8"
dependencies = [
 "cfg-if",
 "libc",
 "wasi 0.13.3+wasi-0.2.2",
 "windows-targets",
]

[[package]]
name = "group"
version = "0.14.0-pre.0"
source = "registry+https://github.com/rust-lang/crates.io-index"
checksum = "1ff6a0b2dd4b981b1ae9e3e6830ab146771f3660d31d57bafd9018805a91b0f1"
dependencies = [
 "ff",
 "rand_core 0.9.3",
 "subtle",
]

[[package]]
name = "hex-literal"
version = "0.4.1"
source = "registry+https://github.com/rust-lang/crates.io-index"
checksum = "6fe2267d4ed49bc07b63801559be28c718ea06c4738b7a03c94df7386d2cde46"

[[package]]
name = "hmac"
version = "0.13.0-pre.5"
source = "git+https://github.com/baloo/MACs.git?branch=baloo%2Fdigest-pin#dc3909c01db08a3c865eaaee16dbcfb783804ede"
dependencies = [
 "digest",
]

[[package]]
name = "httpdate"
version = "1.0.3"
source = "registry+https://github.com/rust-lang/crates.io-index"
checksum = "df3b46402a9d5adb4c86a0cf463f42e19994e3ee891101b1841f30a545cb49a9"

[[package]]
name = "hybrid-array"
version = "0.3.1"
source = "registry+https://github.com/rust-lang/crates.io-index"
checksum = "891d15931895091dea5c47afa5b3c9a01ba634b311919fd4d41388fa0e3d76af"
dependencies = [
 "typenum",
 "zeroize",
]

[[package]]
name = "inout"
version = "0.2.0-rc.4"
source = "registry+https://github.com/rust-lang/crates.io-index"
checksum = "ac5e145e8ade9f74c0a5efc60ccb4e714b0144f7e2220b7ca64254feee71c57f"
dependencies = [
 "block-padding",
 "hybrid-array",
]

[[package]]
name = "itoa"
version = "1.0.11"
source = "registry+https://github.com/rust-lang/crates.io-index"
checksum = "49f1f14873335454500d59611f1cf4a4b0f786f9ac11f4312a78e4cf2566695b"

[[package]]
name = "k256"
version = "0.14.0-pre.2"
source = "git+https://github.com/RustCrypto/elliptic-curves.git#2c26594973a0c412c0bc60e8cbf6cae800ed5ffa"
dependencies = [
 "cfg-if",
 "ecdsa",
 "elliptic-curve",
 "once_cell",
 "sha2",
 "signature 3.0.0-pre",
]

[[package]]
name = "lazy_static"
version = "1.5.0"
source = "registry+https://github.com/rust-lang/crates.io-index"
checksum = "bbd2bcb4c963f2ddae06a2efc7e9f3591312473c50c6685e1f298068316e66fe"
dependencies = [
 "spin",
]

[[package]]
name = "libc"
version = "0.2.155"
source = "registry+https://github.com/rust-lang/crates.io-index"
checksum = "97b3888a4aecf77e811145cadf6eef5901f4782c53886191b2f693f24761847c"

[[package]]
name = "libm"
version = "0.2.15"
source = "registry+https://github.com/rust-lang/crates.io-index"
checksum = "f9fbbcab51052fe104eb5e5d351cf728d30a5be1fe14d9be8a3b097481fb97de"

[[package]]
name = "libusb1-sys"
version = "0.7.0"
source = "registry+https://github.com/rust-lang/crates.io-index"
checksum = "da050ade7ac4ff1ba5379af847a10a10a8e284181e060105bf8d86960ce9ce0f"
dependencies = [
 "cc",
 "libc",
 "pkg-config",
 "vcpkg",
]

[[package]]
name = "log"
version = "0.4.22"
source = "registry+https://github.com/rust-lang/crates.io-index"
checksum = "a7a70ba024b9dc04c27ea2f0c0548feb474ec5c54bba33a7f72f873a39d07b24"

[[package]]
name = "memchr"
version = "2.7.4"
source = "registry+https://github.com/rust-lang/crates.io-index"
checksum = "78ca9ab1a0babb1e7d5695e3530886289c18cf2f87ec19a575a0abdce112e3a3"

[[package]]
name = "minimal-lexical"
version = "0.2.1"
source = "registry+https://github.com/rust-lang/crates.io-index"
checksum = "68354c5c6bd36d73ff3feceb05efa59b6acb7626617f4962be322a825e61f79a"

[[package]]
name = "nom"
version = "7.1.3"
source = "registry+https://github.com/rust-lang/crates.io-index"
checksum = "d273983c5a657a70a3e8f2a01329822f3b8c8172b73826411a55751e404a0a4a"
dependencies = [
 "memchr",
 "minimal-lexical",
]

[[package]]
name = "num-bigint-dig"
version = "0.8.4"
source = "registry+https://github.com/rust-lang/crates.io-index"
checksum = "dc84195820f291c7697304f3cbdadd1cb7199c0efc917ff5eafd71225c136151"
dependencies = [
 "byteorder",
 "lazy_static",
 "libm",
 "num-integer",
 "num-iter",
 "num-traits",
 "rand 0.8.5",
 "serde",
 "smallvec",
]

[[package]]
name = "num-conv"
version = "0.1.0"
source = "registry+https://github.com/rust-lang/crates.io-index"
checksum = "51d515d32fb182ee37cda2ccdcb92950d6a3c2893aa280e540671c2cd0f3b1d9"

[[package]]
name = "num-integer"
version = "0.1.46"
source = "registry+https://github.com/rust-lang/crates.io-index"
checksum = "7969661fd2958a5cb096e56c8e1ad0444ac2bbcd0061bd28660485a44879858f"
dependencies = [
 "num-traits",
]

[[package]]
name = "num-iter"
version = "0.1.45"
source = "registry+https://github.com/rust-lang/crates.io-index"
checksum = "1429034a0490724d0075ebb2bc9e875d6503c3cf69e235a8941aa757d83ef5bf"
dependencies = [
 "autocfg",
 "num-integer",
 "num-traits",
]

[[package]]
name = "num-traits"
version = "0.2.19"
source = "registry+https://github.com/rust-lang/crates.io-index"
checksum = "071dfc062690e90b734c0b2273ce72ad0ffa95f0c74596bc250dcfd960262841"
dependencies = [
 "autocfg",
]

[[package]]
name = "once_cell"
version = "1.21.3"
source = "registry+https://github.com/rust-lang/crates.io-index"
checksum = "42f5e15c9953c5e4ccceeb2e7382a716482c34515315f7b03532b8b4e8393d2d"

[[package]]
name = "p256"
version = "0.14.0-pre.2"
source = "git+https://github.com/RustCrypto/elliptic-curves.git#2c26594973a0c412c0bc60e8cbf6cae800ed5ffa"
dependencies = [
 "ecdsa",
 "elliptic-curve",
 "primefield",
 "primeorder",
 "sha2",
]

[[package]]
name = "p384"
version = "0.14.0-pre.2"
source = "git+https://github.com/RustCrypto/elliptic-curves.git#2c26594973a0c412c0bc60e8cbf6cae800ed5ffa"
dependencies = [
 "ecdsa",
 "elliptic-curve",
 "primefield",
 "primeorder",
 "sha2",
]

[[package]]
name = "p521"
version = "0.14.0-pre.2"
source = "git+https://github.com/RustCrypto/elliptic-curves.git#2c26594973a0c412c0bc60e8cbf6cae800ed5ffa"
dependencies = [
 "base16ct",
 "ecdsa",
 "elliptic-curve",
 "primefield",
 "primeorder",
 "rand_core 0.9.3",
 "sha2",
]

[[package]]
name = "pbkdf2"
version = "0.13.0-pre.1"
source = "git+https://github.com/RustCrypto/password-hashes.git#68c5d80962210dbbb4f1c1fe7436e03dc34e62c8"
dependencies = [
 "digest",
 "hmac",
]

[[package]]
name = "pcsc"
version = "2.9.0"
source = "registry+https://github.com/rust-lang/crates.io-index"
checksum = "7dd833ecf8967e65934c49d3521a175929839bf6d0e497f3bd0d3a2ca08943da"
dependencies = [
 "bitflags",
 "pcsc-sys",
]

[[package]]
name = "pcsc-sys"
version = "1.3.0"
source = "registry+https://github.com/rust-lang/crates.io-index"
checksum = "e14ef017e15d2e5592a9e39a346c1dbaea5120bab7ed7106b210ef58ebd97003"
dependencies = [
 "pkg-config",
]

[[package]]
name = "pem-rfc7468"
version = "1.0.0-rc.2"
source = "registry+https://github.com/rust-lang/crates.io-index"
checksum = "c2dfbfa5c6f0906884269722c5478e72fd4d6c0e24fe600332c6d62359567ce1"
dependencies = [
 "base64ct",
]

[[package]]
name = "pkcs1"
version = "0.8.0-rc.1"
source = "git+https://github.com/RustCrypto/formats.git#c0bdeb0a52071a2692335f0c7ae5ab4955a2ddfb"
dependencies = [
 "der",
 "pkcs8",
 "spki",
]

[[package]]
name = "pkcs8"
version = "0.11.0-rc.3"
source = "registry+https://github.com/rust-lang/crates.io-index"
checksum = "eb59d311663eb310da092cb3b4525dac863f3fff825898db1a5a2f46420c5e84"
dependencies = [
 "der",
 "spki",
]

[[package]]
name = "pkg-config"
version = "0.3.30"
source = "registry+https://github.com/rust-lang/crates.io-index"
checksum = "d231b230927b5e4ad203db57bbcbee2802f6bce620b1e4a9024a07d94e2907ec"

[[package]]
name = "powerfmt"
version = "0.2.0"
source = "registry+https://github.com/rust-lang/crates.io-index"
checksum = "439ee305def115ba05938db6eb1644ff94165c5ab5e9420d1c1bcedbba909391"

[[package]]
name = "ppv-lite86"
version = "0.2.21"
source = "registry+https://github.com/rust-lang/crates.io-index"
checksum = "85eae3c4ed2f50dcfe72643da4befc30deadb458a9b590d720cde2f2b1e97da9"
dependencies = [
 "zerocopy",
]

[[package]]
name = "primefield"
version = "0.14.0-pre.0"
source = "git+https://github.com/RustCrypto/elliptic-curves.git#2c26594973a0c412c0bc60e8cbf6cae800ed5ffa"
dependencies = [
 "crypto-bigint",
 "ff",
 "rand_core 0.9.3",
 "subtle",
 "zeroize",
]

[[package]]
name = "primeorder"
version = "0.14.0-pre.2"
source = "git+https://github.com/RustCrypto/elliptic-curves.git#2c26594973a0c412c0bc60e8cbf6cae800ed5ffa"
dependencies = [
 "elliptic-curve",
]

[[package]]
name = "proc-macro2"
version = "1.0.86"
source = "registry+https://github.com/rust-lang/crates.io-index"
checksum = "5e719e8df665df0d1c8fbfd238015744736151d4445ec0836b8e628aae103b77"
dependencies = [
 "unicode-ident",
]

[[package]]
name = "quote"
version = "1.0.36"
source = "registry+https://github.com/rust-lang/crates.io-index"
checksum = "0fa76aaf39101c457836aec0ce2316dbdc3ab723cdda1c6bd4e6ad4208acaca7"
dependencies = [
 "proc-macro2",
]

[[package]]
name = "rand"
version = "0.8.5"
source = "registry+https://github.com/rust-lang/crates.io-index"
checksum = "34af8d1a0e25924bc5b7c43c079c942339d8f0a8b57c39049bef581b46327404"
dependencies = [
 "libc",
 "rand_chacha 0.3.1",
 "rand_core 0.6.4",
]

[[package]]
name = "rand"
version = "0.9.1"
source = "registry+https://github.com/rust-lang/crates.io-index"
checksum = "9fbfd9d094a40bf3ae768db9361049ace4c0e04a4fd6b359518bd7b73a73dd97"
dependencies = [
 "rand_chacha 0.9.0",
 "rand_core 0.9.3",
]

[[package]]
name = "rand_chacha"
version = "0.3.1"
source = "registry+https://github.com/rust-lang/crates.io-index"
checksum = "e6c10a63a0fa32252be49d21e7709d4d4baf8d231c2dbce1eaa8141b9b127d88"
dependencies = [
 "ppv-lite86",
 "rand_core 0.6.4",
]

[[package]]
name = "rand_chacha"
version = "0.9.0"
source = "registry+https://github.com/rust-lang/crates.io-index"
checksum = "d3022b5f1df60f26e1ffddd6c66e8aa15de382ae63b3a0c1bfc0e4d3e3f325cb"
dependencies = [
 "ppv-lite86",
 "rand_core 0.9.3",
]

[[package]]
name = "rand_core"
version = "0.6.4"
source = "registry+https://github.com/rust-lang/crates.io-index"
checksum = "ec0be4795e2f6a28069bec0b5ff3e2ac9bafc99e6a9a7dc3547996c5c816922c"
dependencies = [
 "getrandom 0.2.16",
]

[[package]]
name = "rand_core"
version = "0.9.3"
source = "registry+https://github.com/rust-lang/crates.io-index"
checksum = "99d9a13982dcf210057a8a78572b2217b667c3beacbf3a0d8b454f6f82837d38"
dependencies = [
 "getrandom 0.3.1",
]

[[package]]
name = "rfc6979"
version = "0.5.0-pre.4"
source = "git+https://github.com/RustCrypto/signatures.git#b66adc00be5c4cf594331c091da8ea71e5f5f32d"
dependencies = [
 "hmac",
 "subtle",
]

[[package]]
name = "rsa"
version = "0.10.0-pre.4"
source = "git+https://github.com/baloo/RSA.git?branch=baloo%2Fdigest%2Fnewtype#fcd08a3c599f54cdbe41d8b2ba91615d75c04d43"
dependencies = [
 "const-oid",
 "crypto-bigint",
 "crypto-primes",
 "digest",
 "pkcs1",
 "pkcs8",
 "rand_core 0.9.3",
 "sha1",
 "sha2",
 "signature 3.0.0-pre",
 "spki",
 "subtle",
 "zeroize",
]

[[package]]
name = "rusb"
version = "0.9.4"
source = "registry+https://github.com/rust-lang/crates.io-index"
checksum = "ab9f9ff05b63a786553a4c02943b74b34a988448671001e9a27e2f0565cc05a4"
dependencies = [
 "libc",
 "libusb1-sys",
]

[[package]]
name = "rustc_version"
version = "0.4.0"
source = "registry+https://github.com/rust-lang/crates.io-index"
checksum = "bfa0f585226d2e68097d4f95d113b15b83a82e819ab25717ec0590d9584ef366"
dependencies = [
 "semver",
]

[[package]]
name = "ryu"
version = "1.0.18"
source = "registry+https://github.com/rust-lang/crates.io-index"
checksum = "f3cb5ba0dc43242ce17de99c180e96db90b235b8a9fdc9543c96d2209116bd9f"

[[package]]
name = "sec1"
version = "0.8.0-rc.4"
source = "registry+https://github.com/rust-lang/crates.io-index"
checksum = "a017a4aa8f0bd51e9d0184d98042dfe9285218fec098493f47d9a8aa0f1a3f27"
dependencies = [
 "base16ct",
 "der",
 "hybrid-array",
 "pkcs8",
 "subtle",
 "zeroize",
]

[[package]]
name = "secrecy"
version = "0.8.0"
source = "registry+https://github.com/rust-lang/crates.io-index"
checksum = "9bd1c54ea06cfd2f6b63219704de0b9b4f72dcc2b8fdef820be6cd799780e91e"
dependencies = [
 "zeroize",
]

[[package]]
name = "semver"
version = "1.0.23"
source = "registry+https://github.com/rust-lang/crates.io-index"
checksum = "61697e0a1c7e512e84a621326239844a24d8207b4669b41bc18b32ea5cbf988b"

[[package]]
name = "serde"
version = "1.0.203"
source = "registry+https://github.com/rust-lang/crates.io-index"
checksum = "7253ab4de971e72fb7be983802300c30b5a7f0c2e56fab8abfc6a214307c0094"
dependencies = [
 "serde_derive",
]

[[package]]
name = "serde_derive"
version = "1.0.203"
source = "registry+https://github.com/rust-lang/crates.io-index"
checksum = "500cbc0ebeb6f46627f50f3f5811ccf6bf00643be300b4c3eabc0ef55dc5b5ba"
dependencies = [
 "proc-macro2",
 "quote",
 "syn",
]

[[package]]
name = "serde_json"
version = "1.0.118"
source = "registry+https://github.com/rust-lang/crates.io-index"
checksum = "d947f6b3163d8857ea16c4fa0dd4840d52f3041039a85decd46867eb1abef2e4"
dependencies = [
 "itoa",
 "ryu",
 "serde",
]

[[package]]
name = "serdect"
version = "0.3.0"
source = "registry+https://github.com/rust-lang/crates.io-index"
checksum = "f42f67da2385b51a5f9652db9c93d78aeaf7610bf5ec366080b6de810604af53"
dependencies = [
 "base16ct",
 "serde",
]

[[package]]
name = "sha1"
version = "0.11.0-pre.5"
source = "git+https://github.com/RustCrypto/hashes.git?branch=newtype#9a29611af87269187575e51d0ffbdc56ac979abc"
dependencies = [
 "cfg-if",
 "cpufeatures",
 "digest",
]

[[package]]
name = "sha2"
version = "0.11.0-pre.5"
source = "git+https://github.com/RustCrypto/hashes.git?branch=newtype#9a29611af87269187575e51d0ffbdc56ac979abc"
dependencies = [
 "cfg-if",
 "cpufeatures",
 "digest",
]

[[package]]
name = "signature"
version = "2.3.0-pre.4"
source = "registry+https://github.com/rust-lang/crates.io-index"
checksum = "054d71959c7051b9042c26af337f05cc930575ed2604d7d3ced3158383e59734"

[[package]]
name = "signature"
version = "3.0.0-pre"
source = "git+https://github.com/baloo/traits.git?branch=baloo%2Fdigest-newtype-master#f5c1ca57907ec229af98c96896709a259b73f71e"
dependencies = [
 "digest",
 "rand_core 0.9.3",
]

[[package]]
name = "smallvec"
version = "1.15.0"
source = "registry+https://github.com/rust-lang/crates.io-index"
checksum = "8917285742e9f3e1683f0a9c4e6b57960b7314d0b08d30d1ecd426713ee2eee9"

[[package]]
name = "spin"
version = "0.9.8"
source = "registry+https://github.com/rust-lang/crates.io-index"
checksum = "6980e8d7511241f8acf4aebddbb1ff938df5eebe98691418c4468d0b72a96a67"

[[package]]
name = "spki"
version = "0.8.0-rc.1"
source = "registry+https://github.com/rust-lang/crates.io-index"
checksum = "37ac66481418fd7afdc584adcf3be9aa572cf6c2858814494dc2a01755f050bc"
dependencies = [
 "base64ct",
 "der",
]

[[package]]
name = "subtle"
version = "2.6.1"
source = "registry+https://github.com/rust-lang/crates.io-index"
checksum = "13c2bddecc57b384dee18652358fb23172facb8a2c51ccc10d74c157bdea3292"

[[package]]
name = "syn"
version = "2.0.68"
source = "registry+https://github.com/rust-lang/crates.io-index"
checksum = "901fa70d88b9d6c98022e23b4136f9f3e54e4662c3bc1bd1d84a42a9a0f0c1e9"
dependencies = [
 "proc-macro2",
 "quote",
 "unicode-ident",
]

[[package]]
name = "thiserror"
version = "1.0.61"
source = "registry+https://github.com/rust-lang/crates.io-index"
checksum = "c546c80d6be4bc6a00c0f01730c08df82eaa7a7a61f11d656526506112cc1709"
dependencies = [
 "thiserror-impl",
]

[[package]]
name = "thiserror-impl"
version = "1.0.61"
source = "registry+https://github.com/rust-lang/crates.io-index"
checksum = "46c3384250002a6d5af4d114f2845d37b57521033f30d5c3f46c4d70e1197533"
dependencies = [
 "proc-macro2",
 "quote",
 "syn",
]

[[package]]
name = "time"
version = "0.3.36"
source = "registry+https://github.com/rust-lang/crates.io-index"
checksum = "5dfd88e563464686c916c7e46e623e520ddc6d79fa6641390f2e3fa86e83e885"
dependencies = [
 "deranged",
 "num-conv",
 "powerfmt",
 "serde",
 "time-core",
 "time-macros",
]

[[package]]
name = "time-core"
version = "0.1.2"
source = "registry+https://github.com/rust-lang/crates.io-index"
checksum = "ef927ca75afb808a4d64dd374f00a2adf8d0fcff8e7b184af886c3c87ec4a3f3"

[[package]]
name = "time-macros"
version = "0.2.18"
source = "registry+https://github.com/rust-lang/crates.io-index"
checksum = "3f252a68540fde3a3877aeea552b832b40ab9a69e318efd078774a01ddee1ccf"
dependencies = [
 "num-conv",
 "time-core",
]

[[package]]
name = "tiny_http"
version = "0.12.0"
source = "registry+https://github.com/rust-lang/crates.io-index"
checksum = "389915df6413a2e74fb181895f933386023c71110878cd0825588928e64cdc82"
dependencies = [
 "ascii",
 "chunked_transfer",
 "httpdate",
 "log",
]

[[package]]
name = "tls_codec"
version = "0.4.1"
source = "registry+https://github.com/rust-lang/crates.io-index"
checksum = "b5e78c9c330f8c85b2bae7c8368f2739157db9991235123aa1b15ef9502bfb6a"
dependencies = [
 "tls_codec_derive",
 "zeroize",
]

[[package]]
name = "tls_codec_derive"
version = "0.4.1"
source = "registry+https://github.com/rust-lang/crates.io-index"
checksum = "8d9ef545650e79f30233c0003bcc2504d7efac6dad25fca40744de773fe2049c"
dependencies = [
 "proc-macro2",
 "quote",
 "syn",
]

[[package]]
name = "typenum"
version = "1.17.0"
source = "registry+https://github.com/rust-lang/crates.io-index"
checksum = "42ff0bf0c66b8238c6f3b578df37d0b7848e55df8577b3f74f92a69acceeb825"

[[package]]
name = "unicode-ident"
version = "1.0.12"
source = "registry+https://github.com/rust-lang/crates.io-index"
checksum = "3354b9ac3fae1ff6755cb6db53683adb661634f67557942dea4facebec0fee4b"

[[package]]
name = "uuid"
version = "1.13.1"
source = "registry+https://github.com/rust-lang/crates.io-index"
checksum = "ced87ca4be083373936a67f8de945faa23b6b42384bd5b64434850802c6dccd0"
dependencies = [
 "getrandom 0.3.1",
 "serde",
]

[[package]]
name = "vcpkg"
version = "0.2.15"
source = "registry+https://github.com/rust-lang/crates.io-index"
checksum = "accd4ea62f7bb7a82fe23066fb0957d48ef677f6eeb8215f372f52e48bb32426"

[[package]]
name = "wasi"
version = "0.11.0+wasi-snapshot-preview1"
source = "registry+https://github.com/rust-lang/crates.io-index"
checksum = "9c8d87e72b64a3b4db28d11ce29237c246188f4f51057d65a7eab63b7987e423"

[[package]]
name = "wasi"
version = "0.13.3+wasi-0.2.2"
source = "registry+https://github.com/rust-lang/crates.io-index"
checksum = "26816d2e1a4a36a2940b96c5296ce403917633dff8f3440e9b236ed6f6bacad2"
dependencies = [
 "wit-bindgen-rt",
]

[[package]]
name = "windows-targets"
version = "0.52.6"
source = "registry+https://github.com/rust-lang/crates.io-index"
checksum = "9b724f72796e036ab90c1021d4780d4d3d648aca59e491e6b98e725b84e99973"
dependencies = [
 "windows_aarch64_gnullvm",
 "windows_aarch64_msvc",
 "windows_i686_gnu",
 "windows_i686_gnullvm",
 "windows_i686_msvc",
 "windows_x86_64_gnu",
 "windows_x86_64_gnullvm",
 "windows_x86_64_msvc",
]

[[package]]
name = "windows_aarch64_gnullvm"
version = "0.52.6"
source = "registry+https://github.com/rust-lang/crates.io-index"
checksum = "32a4622180e7a0ec044bb555404c800bc9fd9ec262ec147edd5989ccd0c02cd3"

[[package]]
name = "windows_aarch64_msvc"
version = "0.52.6"
source = "registry+https://github.com/rust-lang/crates.io-index"
checksum = "09ec2a7bb152e2252b53fa7803150007879548bc709c039df7627cabbd05d469"

[[package]]
name = "windows_i686_gnu"
version = "0.52.6"
source = "registry+https://github.com/rust-lang/crates.io-index"
checksum = "8e9b5ad5ab802e97eb8e295ac6720e509ee4c243f69d781394014ebfe8bbfa0b"

[[package]]
name = "windows_i686_gnullvm"
version = "0.52.6"
source = "registry+https://github.com/rust-lang/crates.io-index"
checksum = "0eee52d38c090b3caa76c563b86c3a4bd71ef1a819287c19d586d7334ae8ed66"

[[package]]
name = "windows_i686_msvc"
version = "0.52.6"
source = "registry+https://github.com/rust-lang/crates.io-index"
checksum = "240948bc05c5e7c6dabba28bf89d89ffce3e303022809e73deaefe4f6ec56c66"

[[package]]
name = "windows_x86_64_gnu"
version = "0.52.6"
source = "registry+https://github.com/rust-lang/crates.io-index"
checksum = "147a5c80aabfbf0c7d901cb5895d1de30ef2907eb21fbbab29ca94c5b08b1a78"

[[package]]
name = "windows_x86_64_gnullvm"
version = "0.52.6"
source = "registry+https://github.com/rust-lang/crates.io-index"
checksum = "24d5b23dc417412679681396f2b49f3de8c1473deb516bd34410872eff51ed0d"

[[package]]
name = "windows_x86_64_msvc"
version = "0.52.6"
source = "registry+https://github.com/rust-lang/crates.io-index"
checksum = "589f6da84c646204747d1270a2a5661ea66ed1cced2631d546fdfb155959f9ec"

[[package]]
name = "wit-bindgen-rt"
version = "0.33.0"
source = "registry+https://github.com/rust-lang/crates.io-index"
checksum = "3268f3d866458b787f390cf61f4bbb563b922d091359f9608842999eaee3943c"
dependencies = [
 "bitflags",
]

[[package]]
name = "x509-cert"
version = "0.3.0-pre.0"
source = "git+https://github.com/RustCrypto/formats.git#c0bdeb0a52071a2692335f0c7ae5ab4955a2ddfb"
dependencies = [
 "const-oid",
 "der",
 "sha1",
 "signature 3.0.0-pre",
 "spki",
 "tls_codec",
]

[[package]]
name = "yubihsm"
version = "0.43.0-pre"
dependencies = [
 "aes",
 "bitflags",
 "cbc",
 "ccm",
 "cmac",
 "der",
 "digest",
 "ecdsa",
 "ed25519",
 "ed25519-dalek",
 "hex-literal",
 "hmac",
 "k256",
 "log",
 "num-traits",
 "once_cell",
 "p256",
 "p384",
 "p521",
 "pbkdf2",
 "rand 0.9.1",
 "rand_core 0.9.3",
 "rsa",
 "rusb",
 "serde",
 "serde_json",
 "sha1",
 "sha2",
 "signature 3.0.0-pre",
 "spki",
 "subtle",
 "thiserror",
 "time",
 "tiny_http",
 "uuid",
 "x509-cert",
 "yubikey",
 "zeroize",
]

[[package]]
name = "yubikey"
version = "0.8.0"
source = "git+https://github.com/baloo/yubikey.rs?branch=baloo%2Fyubihsm-auth#5eefb2eab3f91a9990e367536f464d3572b9af25"
dependencies = [
 "base16ct",
 "bitflags",
 "der",
 "des",
 "ecdsa",
 "elliptic-curve",
 "log",
 "nom",
 "num-bigint-dig",
 "num-integer",
 "num-traits",
 "p256",
 "p384",
 "pbkdf2",
 "pcsc",
 "rand_core 0.6.4",
 "rsa",
 "secrecy",
 "sha1",
 "sha2",
 "signature 2.3.0-pre.4",
 "subtle",
 "uuid",
 "x509-cert",
 "zeroize",
]

[[package]]
name = "zerocopy"
version = "0.8.25"
source = "registry+https://github.com/rust-lang/crates.io-index"
checksum = "a1702d9583232ddb9174e01bb7c15a2ab8fb1bc6f227aa1233858c351a3ba0cb"
dependencies = [
 "zerocopy-derive",
]

[[package]]
name = "zerocopy-derive"
version = "0.8.25"
source = "registry+https://github.com/rust-lang/crates.io-index"
checksum = "28a6e20d751156648aa063f3800b706ee209a32c0b4d9f24be3d980b01be55ef"
dependencies = [
 "proc-macro2",
 "quote",
 "syn",
]

[[package]]
name = "zeroize"
version = "1.8.1"
source = "registry+https://github.com/rust-lang/crates.io-index"
checksum = "ced3678a2879b30306d323f4542626697a464a97c0a07c9aebf7ebca65cd4dde"
dependencies = [
 "zeroize_derive",
]

[[package]]
name = "zeroize_derive"
version = "1.4.2"
source = "registry+https://github.com/rust-lang/crates.io-index"
checksum = "ce36e65b0d2999d2aafac989fb249189a141aee1f53c612c1f37d72631959f69"
dependencies = [
 "proc-macro2",
 "quote",
 "syn",
]
